
Microsoft Visual Studio Solution File, Format Version 12.00
# Visual Studio 15
VisualStudioVersion = 15.0.27130.2024
MinimumVisualStudioVersion = 10.0.40219.1
Project("{FAE04EC0-301F-11D3-BF4B-00C04F79EFBC}") = "CashBack", "CashBack\CashBack.csproj", "{8A1E0DDE-FB5E-4E8E-9ED4-3E3516D1D1D1}"
EndProject
Project("{FAE04EC0-301F-11D3-BF4B-00C04F79EFBC}") = "CashBackOperator", "CashBackOperator\CashBackOperator.csproj", "{7A96D285-4F65-4746-8B17-508505282015}"
EndProject
Project("{FAE04EC0-301F-11D3-BF4B-00C04F79EFBC}") = "CashBackBaseLibrary", "CashBackBaseLibrary\CashBackBaseLibrary.csproj", "{EF33BE8E-CC5A-4112-98C6-F21FED4B1F90}"
EndProject
Global
	GlobalSection(SolutionConfigurationPlatforms) = preSolution
		Debug|Any CPU = Debug|Any CPU
		Release|Any CPU = Release|Any CPU
	EndGlobalSection
	GlobalSection(ProjectConfigurationPlatforms) = postSolution
		{8A1E0DDE-FB5E-4E8E-9ED4-3E3516D1D1D1}.Debug|Any CPU.ActiveCfg = Debug|Any CPU
		{8A1E0DDE-FB5E-4E8E-9ED4-3E3516D1D1D1}.Debug|Any CPU.Build.0 = Debug|Any CPU
		{8A1E0DDE-FB5E-4E8E-9ED4-3E3516D1D1D1}.Release|Any CPU.ActiveCfg = Release|Any CPU
		{8A1E0DDE-FB5E-4E8E-9ED4-3E3516D1D1D1}.Release|Any CPU.Build.0 = Release|Any CPU
		{7A96D285-4F65-4746-8B17-508505282015}.Debug|Any CPU.ActiveCfg = Debug|Any CPU
		{7A96D285-4F65-4746-8B17-508505282015}.Debug|Any CPU.Build.0 = Debug|Any CPU
		{7A96D285-4F65-4746-8B17-508505282015}.Release|Any CPU.ActiveCfg = Release|Any CPU
		{7A96D285-4F65-4746-8B17-508505282015}.Release|Any CPU.Build.0 = Release|Any CPU
		{EF33BE8E-CC5A-4112-98C6-F21FED4B1F90}.Debug|Any CPU.ActiveCfg = Debug|Any CPU
		{EF33BE8E-CC5A-4112-98C6-F21FED4B1F90}.Debug|Any CPU.Build.0 = Debug|Any CPU
		{EF33BE8E-CC5A-4112-98C6-F21FED4B1F90}.Release|Any CPU.ActiveCfg = Release|Any CPU
		{EF33BE8E-CC5A-4112-98C6-F21FED4B1F90}.Release|Any CPU.Build.0 = Release|Any CPU
	EndGlobalSection
	GlobalSection(SolutionProperties) = preSolution
		HideSolutionNode = FALSE
	EndGlobalSection
	GlobalSection(ExtensibilityGlobals) = postSolution
		SolutionGuid = {25DBEA6A-41D3-47E8-9278-819F80058205}
	EndGlobalSection
EndGlobal
